
Microsoft Visual Studio Solution File, Format Version 12.00
# Visual Studio Version 17
VisualStudioVersion = 17.2.32616.157
MinimumVisualStudioVersion = 10.0.40219.1
Project("{8BC9CEB8-8B4A-11D0-8D11-00A0C91BC942}") = "SizeofArrayForLoop", "SizeofArrayForLoop.vcxproj", "{898ECC5B-A2B3-4C22-99B6-3430B0DF8C8A}"
EndProject
Global
	GlobalSection(SolutionConfigurationPlatforms) = preSolution
		Debug|x64 = Debug|x64
		Debug|x86 = Debug|x86
		Release|x64 = Release|x64
		Release|x86 = Release|x86
	EndGlobalSection
	GlobalSection(ProjectConfigurationPlatforms) = postSolution
		{898ECC5B-A2B3-4C22-99B6-3430B0DF8C8A}.Debug|x64.ActiveCfg = Debug|x64
		{898ECC5B-A2B3-4C22-99B6-3430B0DF8C8A}.Debug|x64.Build.0 = Debug|x64
		{898ECC5B-A2B3-4C22-99B6-3430B0DF8C8A}.Debug|x86.ActiveCfg = Debug|Win32
		{898ECC5B-A2B3-4C22-99B6-3430B0DF8C8A}.Debug|x86.Build.0 = Debug|Win32
		{898ECC5B-A2B3-4C22-99B6-3430B0DF8C8A}.Release|x64.ActiveCfg = Release|x64
		{898ECC5B-A2B3-4C22-99B6-3430B0DF8C8A}.Release|x64.Build.0 = Release|x64
		{898ECC5B-A2B3-4C22-99B6-3430B0DF8C8A}.Release|x86.ActiveCfg = Release|Win32
		{898ECC5B-A2B3-4C22-99B6-3430B0DF8C8A}.Release|x86.Build.0 = Release|Win32
	EndGlobalSection
	GlobalSection(SolutionProperties) = preSolution
		HideSolutionNode = FALSE
	EndGlobalSection
	GlobalSection(ExtensibilityGlobals) = postSolution
		SolutionGuid = {812FB430-5F78-4C66-9D4B-1EC9753F32E4}
	EndGlobalSection
EndGlobal
